PODS:
  - AppMetricaAdSupport (5.12.1):
    - AppMetricaCore (= 5.12.1)
    - AppMetricaCoreExtension (= 5.12.1)
  - AppMetricaCore (5.12.1):
    - AppMetricaCoreUtils (= 5.12.1)
    - AppMetricaEncodingUtils (= 5.12.1)
    - AppMetricaFMDB (= 5.12.1)
    - AppMetricaHostState (= 5.12.1)
    - AppMetricaIdentifiers (= 5.12.1)
    - AppMetricaKeychain (= 5.12.1)
    - AppMetricaLog (= 5.12.1)
    - AppMetricaNetwork (= 5.12.1)
    - AppMetricaPlatform (= 5.12.1)
    - AppMetricaProtobuf (= 5.12.1)
    - AppMetricaProtobufUtils (= 5.12.1)
    - AppMetricaStorageUtils (= 5.12.1)
  - AppMetricaCoreExtension (5.12.1):
    - AppMetricaCore (= 5.12.1)
    - AppMetricaStorageUtils (= 5.12.1)
  - AppMetricaCoreUtils (5.12.1):
    - AppMetricaLog (= 5.12.1)
  - AppMetricaCrashes (5.12.1):
    - AppMetricaCore (= 5.12.1)
    - AppMetricaCoreExtension (= 5.12.1)
    - AppMetricaCoreUtils (= 5.12.1)
    - AppMetricaEncodingUtils (= 5.12.1)
    - AppMetricaHostState (= 5.12.1)
    - AppMetricaLog (= 5.12.1)
    - AppMetricaPlatform (= 5.12.1)
    - AppMetricaProtobufUtils (= 5.12.1)
    - AppMetricaStorageUtils (= 5.12.1)
    - KSCrash/Recording (< 2.2.0, >= 2.1.0)
  - AppMetricaEncodingUtils (5.12.1):
    - AppMetricaCoreUtils (= 5.12.1)
    - AppMetricaLog (= 5.12.1)
    - AppMetricaPlatform (= 5.12.1)
  - AppMetricaFMDB (5.12.1)
  - AppMetricaHostState (5.12.1):
    - AppMetricaCoreUtils (= 5.12.1)
    - AppMetricaLog (= 5.12.1)
  - AppMetricaIdentifiers (5.12.1):
    - AppMetricaKeychain (= 5.12.1)
    - AppMetricaLogSwift (= 5.12.1)
    - AppMetricaPlatform (= 5.12.1)
    - AppMetricaStorageUtils (= 5.12.1)
    - AppMetricaSynchronization (= 5.12.1)
  - AppMetricaKeychain (5.12.1):
    - AppMetricaCoreUtils (= 5.12.1)
    - AppMetricaLog (= 5.12.1)
    - AppMetricaStorageUtils (= 5.12.1)
  - AppMetricaLibraryAdapter (5.12.1):
    - AppMetricaCore (= 5.12.1)
    - AppMetricaCoreExtension (= 5.12.1)
  - AppMetricaLog (5.12.1)
  - AppMetricaLogSwift (5.12.1):
    - AppMetricaLog (= 5.12.1)
  - AppMetricaNetwork (5.12.1):
    - AppMetricaCoreUtils (= 5.12.1)
    - AppMetricaLog (= 5.12.1)
    - AppMetricaPlatform (= 5.12.1)
  - AppMetricaPlatform (5.12.1):
    - AppMetricaCoreUtils (= 5.12.1)
    - AppMetricaLog (= 5.12.1)
  - AppMetricaProtobuf (5.12.1)
  - AppMetricaProtobufUtils (5.12.1):
    - AppMetricaProtobuf (= 5.12.1)
  - AppMetricaStorageUtils (5.12.1):
    - AppMetricaCoreUtils (= 5.12.1)
    - AppMetricaLog (= 5.12.1)
  - AppMetricaSynchronization (5.12.1):
    - AppMetricaLogSwift (= 5.12.1)
  - DivKit (32.14.0):
    - DivKit_LayoutKit (= 32.14.0)
    - DivKit_Serialization (= 32.14.0)
    - VGSL (~> 7.7)
  - DivKit_LayoutKit (32.14.0):
    - DivKit_LayoutKitInterface (= 32.14.0)
    - VGSL (~> 7.7)
  - DivKit_LayoutKitInterface (32.14.0):
    - VGSL (~> 7.7)
  - DivKit_Serialization (32.14.0):
    - VGSL (~> 7.7)
  - DivKitBinaryCompatibilityFacade (5.0.2):
    - DivKit (~> 32.9)
  - KSCrash/Core (2.1.2)
  - KSCrash/Recording (2.1.2):
    - KSCrash/RecordingCore
  - KSCrash/RecordingCore (2.1.2):
    - KSCrash/Core
  - VGSL (7.9.1):
    - VGSLFundamentals (= 7.9.1)
    - VGSLNetworking (= 7.9.1)
    - VGSLUI (= 7.9.1)
  - VGSLFundamentals (7.9.1)
  - VGSLNetworking (7.9.1):
    - VGSLFundamentals (= 7.9.1)
    - VGSLUI (= 7.9.1)
  - VGSLUI (7.9.1):
    - VGSLFundamentals (= 7.9.1)
  - YandexMobileAds (7.15.1):
    - AppMetricaAdSupport (< 6.0.0, >= 5.11.0)
    - AppMetricaCore (< 6.0.0, >= 5.11.0)
    - AppMetricaCrashes (< 6.0.0, >= 5.11.0)
    - AppMetricaLibraryAdapter (< 6.0.0, >= 5.11.0)
    - DivKitBinaryCompatibilityFacade (~> 5.0.2)

DEPENDENCIES:
  - YandexMobileAds (= 7.15.1)

SPEC REPOS:
  trunk:
    - AppMetricaAdSupport
    - AppMetricaCore
    - AppMetricaCoreExtension
    - AppMetricaCoreUtils
    - AppMetricaCrashes
    - AppMetricaEncodingUtils
    - AppMetricaFMDB
    - AppMetricaHostState
    - AppMetricaIdentifiers
    - AppMetricaKeychain
    - AppMetricaLibraryAdapter
    - AppMetricaLog
    - AppMetricaLogSwift
    - AppMetricaNetwork
    - AppMetricaPlatform
    - AppMetricaProtobuf
    - AppMetricaProtobufUtils
    - AppMetricaStorageUtils
    - AppMetricaSynchronization
    - DivKit
    - DivKit_LayoutKit
    - DivKit_LayoutKitInterface
    - DivKit_Serialization
    - DivKitBinaryCompatibilityFacade
    - KSCrash
    - VGSL
    - VGSLFundamentals
    - VGSLNetworking
    - VGSLUI
    - YandexMobileAds

SPEC CHECKSUMS:
  AppMetricaAdSupport: 26884bc5ec935a990b6bbfa938c854c0fdf1b248
  AppMetricaCore: 145ddc416db0a7eead339de9a5e1521863426a1b
  AppMetricaCoreExtension: 1fc4222eef017e25e8f89c5b02b8563179a40d13
  AppMetricaCoreUtils: 9e23195da2dc2d76404ac49592e05f1dd276d1e8
  AppMetricaCrashes: 41d7e00fc2da7ca9c8de670546d65635c81ff821
  AppMetricaEncodingUtils: 02f48c8d45b7883c4e2a85d49ec3a66a39fd4f6d
  AppMetricaFMDB: 482767dda08c9cec7c8d115d423aacb6b21e9e89
  AppMetricaHostState: 447bc4c02107b3531ae77fc91ea200ddc32bb029
  AppMetricaIdentifiers: 1c34f28d8650c4c5c931643ac8779f431e809c9f
  AppMetricaKeychain: 76f4afe269b233c1a2493350712d24c4d18858b8
  AppMetricaLibraryAdapter: f9a428c799b5d979bf8f1fc524e58a7a3d81026c
  AppMetricaLog: 84a50f144c83a7de66778dfa990db0ac1d60e10c
  AppMetricaLogSwift: 3ca89a024f3c8c7b09f4b2ce89a6e7ce65b3b7d6
  AppMetricaNetwork: e8ba646d4408e2b62e272f8b49c66ffda103bfbd
  AppMetricaPlatform: 543e24bd127eb94c14a708770980f9203e9403b4
  AppMetricaProtobuf: 437a155c3ea82c7fc9a5f8ff5037c513a2287225
  AppMetricaProtobufUtils: f8bf3222d88f466363a657dd14b575af16327d81
  AppMetricaStorageUtils: e10b5fbf8c8d9125ad200a360c9e95e53c7a0f3c
  AppMetricaSynchronization: 3c019f1c791e11f80de51cacda4b2ed4b20935a8
  DivKit: 3cde0159c937fefea6a2f745615e6ab038765a39
  DivKit_LayoutKit: 0e171ff0118ea5b827323ba334a5bff56079f2be
  DivKit_LayoutKitInterface: 082012e664b24b115b246225417c9af4b5dce8a8
  DivKit_Serialization: c0dd043fa8deb164c72b1d7bd81df136affc89ea
  DivKitBinaryCompatibilityFacade: 4318328a024c2e98c06640aa79395c07dbb8a027
  KSCrash: bd950ede6c40a50bfc9f246c38a7f3408705fa3c
  VGSL: f2c315124143ea10a49d1523d19759319de9fb2a
  VGSLFundamentals: b754240ae1927d90aa2bceea9191b9ce330e9c94
  VGSLNetworking: 724adba87e38d351f81b7c4b67586512d9c8fa32
  VGSLUI: 7e7763e2ab91c13a49f954d62f1996db051ec0ce
  YandexMobileAds: 8dcb47fcef796dc566cf550d0dd7098520044c5d

PODFILE CHECKSUM: 7cc76a22cc9a90f48a94e0351466247fc00db0e4

COCOAPODS: 1.16.2
