// !$*UTF8*$!
{
	archiveVersion = 1;
	classes = {
	};
	objectVersion = 77;
	objects = {

/* Begin PBXContainerItemProxy section */
		5D3CC7332E5CABA500AF5A6E /* PBXContainerItemProxy */ = {
			isa = PBXContainerItemProxy;
			containerPortal = 5D3CC71D2E5CABA300AF5A6E /* Project object */;
			proxyType = 1;
			remoteGlobalIDString = 5D3CC7242E5CABA300AF5A6E;
			remoteInfo = mishanga.pro;
		};
		5D3CC73D2E5CABA500AF5A6E /* PBXContainerItemProxy */ = {
			isa = PBXContainerItemProxy;
			containerPortal = 5D3CC71D2E5CABA300AF5A6E /* Project object */;
			proxyType = 1;
			remoteGlobalIDString = 5D3CC7242E5CABA300AF5A6E;
			remoteInfo = mishanga.pro;
		};
/* End PBXContainerItemProxy section */

/* Begin PBXFileReference section */
		5D3CC7252E5CABA300AF5A6E /* mishanga.pro.app */ = {isa = PBXFileReference; explicitFileType = wrapper.application; includeInIndex = 0; path = mishanga.pro.app; sourceTree = BUILT_PRODUCTS_DIR; };
		5D3CC7322E5CABA500AF5A6E /* mishanga.proTests.xctest */ = {isa = PBXFileReference; explicitFileType = wrapper.cfbundle; includeInIndex = 0; path = mishanga.proTests.xctest; sourceTree = BUILT_PRODUCTS_DIR; };
		5D3CC73C2E5CABA500AF5A6E /* mishanga.proUITests.xctest */ = {isa = PBXFileReference; explicitFileType = wrapper.cfbundle; includeInIndex = 0; path = mishanga.proUITests.xctest; sourceTree = BUILT_PRODUCTS_DIR; };
/* End PBXFileReference section */

/* Begin PBXFileSystemSynchronizedRootGroup section */
		5D3CC7272E5CABA300AF5A6E /* mishanga.pro */ = {
			isa = PBXFileSystemSynchronizedRootGroup;
			path = mishanga.pro;
			sourceTree = "<group>";
		};
		5D3CC7352E5CABA500AF5A6E /* mishanga.proTests */ = {
			isa = PBXFileSystemSynchronizedRootGroup;
			path = mishanga.proTests;
			sourceTree = "<group>";
		};
		5D3CC73F2E5CABA500AF5A6E /* mishanga.proUITests */ = {
			isa = PBXFileSystemSynchronizedRootGroup;
			path = mishanga.proUITests;
			sourceTree = "<group>";
		};
/* End PBXFileSystemSynchronizedRootGroup section */

/* Begin PBXFrameworksBuildPhase section */
		5D3CC7222E5CABA300AF5A6E /* Frameworks */ = {
			isa = PBXFrameworksBuildPhase;
			buildActionMask = 2147483647;
			files = (
			);
			runOnlyForDeploymentPostprocessing = 0;
		};
		5D3CC72F2E5CABA500AF5A6E /* Frameworks */ = {
			isa = PBXFrameworksBuildPhase;
			buildActionMask = 2147483647;
			files = (
			);
			runOnlyForDeploymentPostprocessing = 0;
		};
		5D3CC7392E5CABA500AF5A6E /* Frameworks */ = {
			isa = PBXFrameworksBuildPhase;
			buildActionMask = 2147483647;
			files = (
			);
			runOnlyForDeploymentPostprocessing = 0;
		};
/* End PBXFrameworksBuildPhase section */

/* Begin PBXGroup section */
		5D3CC71C2E5CABA300AF5A6E = {
			isa = PBXGroup;
			children = (
				5D3CC7272E5CABA300AF5A6E /* mishanga.pro */,
				5D3CC7352E5CABA500AF5A6E /* mishanga.proTests */,
				5D3CC73F2E5CABA500AF5A6E /* mishanga.proUITests */,
				5D3CC7262E5CABA300AF5A6E /* Products */,
			);
			sourceTree = "<group>";
		};
		5D3CC7262E5CABA300AF5A6E /* Products */ = {
			isa = PBXGroup;
			children = (
				5D3CC7252E5CABA300AF5A6E /* mishanga.pro.app */,
				5D3CC7322E5CABA500AF5A6E /* mishanga.proTests.xctest */,
				5D3CC73C2E5CABA500AF5A6E /* mishanga.proUITests.xctest */,
			);
			name = Products;
			sourceTree = "<group>";
		};
/* End PBXGroup section */

/* Begin PBXNativeTarget section */
		5D3CC7242E5CABA300AF5A6E /* mishanga.pro */ = {
			isa = PBXNativeTarget;
			buildConfigurationList = 5D3CC7462E5CABA500AF5A6E /* Build configuration list for PBXNativeTarget "mishanga.pro" */;
			buildPhases = (
				5D3CC7212E5CABA300AF5A6E /* Sources */,
				5D3CC7222E5CABA300AF5A6E /* Frameworks */,
				5D3CC7232E5CABA300AF5A6E /* Resources */,
			);
			buildRules = (
			);
			dependencies = (
			);
			fileSystemSynchronizedGroups = (
				5D3CC7272E5CABA300AF5A6E /* mishanga.pro */,
			);
			name = mishanga.pro;
			packageProductDependencies = (
			);
			productName = mishanga.pro;
			productReference = 5D3CC7252E5CABA300AF5A6E /* mishanga.pro.app */;
			productType = "com.apple.product-type.application";
		};
		5D3CC7312E5CABA500AF5A6E /* mishanga.proTests */ = {
			isa = PBXNativeTarget;
			buildConfigurationList = 5D3CC7492E5CABA500AF5A6E /* Build configuration list for PBXNativeTarget "mishanga.proTests" */;
			buildPhases = (
				5D3CC72E2E5CABA500AF5A6E /* Sources */,
				5D3CC72F2E5CABA500AF5A6E /* Frameworks */,
				5D3CC7302E5CABA500AF5A6E /* Resources */,
			);
			buildRules = (
			);
			dependencies = (
				5D3CC7342E5CABA500AF5A6E /* PBXTargetDependency */,
			);
			fileSystemSynchronizedGroups = (
				5D3CC7352E5CABA500AF5A6E /* mishanga.proTests */,
			);
			name = mishanga.proTests;
			packageProductDependencies = (
			);
			productName = mishanga.proTests;
			productReference = 5D3CC7322E5CABA500AF5A6E /* mishanga.proTests.xctest */;
			productType = "com.apple.product-type.bundle.unit-test";
		};
		5D3CC73B2E5CABA500AF5A6E /* mishanga.proUITests */ = {
			isa = PBXNativeTarget;
			buildConfigurationList = 5D3CC74C2E5CABA500AF5A6E /* Build configuration list for PBXNativeTarget "mishanga.proUITests" */;
			buildPhases = (
				5D3CC7382E5CABA500AF5A6E /* Sources */,
				5D3CC7392E5CABA500AF5A6E /* Frameworks */,
				5D3CC73A2E5CABA500AF5A6E /* Resources */,
			);
			buildRules = (
			);
			dependencies = (
				5D3CC73E2E5CABA500AF5A6E /* PBXTargetDependency */,
			);
			fileSystemSynchronizedGroups = (
				5D3CC73F2E5CABA500AF5A6E /* mishanga.proUITests */,
			);
			name = mishanga.proUITests;
			packageProductDependencies = (
			);
			productName = mishanga.proUITests;
			productReference = 5D3CC73C2E5CABA500AF5A6E /* mishanga.proUITests.xctest */;
			productType = "com.apple.product-type.bundle.ui-testing";
		};
/* End PBXNativeTarget section */

/* Begin PBXProject section */
		5D3CC71D2E5CABA300AF5A6E /* Project object */ = {
			isa = PBXProject;
			attributes = {
				BuildIndependentTargetsInParallel = 1;
				LastSwiftUpdateCheck = 1640;
				LastUpgradeCheck = 1640;
				TargetAttributes = {
					5D3CC7242E5CABA300AF5A6E = {
						CreatedOnToolsVersion = 16.4;
					};
					5D3CC7312E5CABA500AF5A6E = {
						CreatedOnToolsVersion = 16.4;
						TestTargetID = 5D3CC7242E5CABA300AF5A6E;
					};
					5D3CC73B2E5CABA500AF5A6E = {
						CreatedOnToolsVersion = 16.4;
						TestTargetID = 5D3CC7242E5CABA300AF5A6E;
					};
				};
			};
			buildConfigurationList = 5D3CC7202E5CABA300AF5A6E /* Build configuration list for PBXProject "mishanga.pro" */;
			developmentRegion = en;
			hasScannedForEncodings = 0;
			knownRegions = (
				en,
				Base,
			);
			mainGroup = 5D3CC71C2E5CABA300AF5A6E;
			minimizedProjectReferenceProxies = 1;
			preferredProjectObjectVersion = 77;
			productRefGroup = 5D3CC7262E5CABA300AF5A6E /* Products */;
			projectDirPath = "";
			projectRoot = "";
			targets = (
				5D3CC7242E5CABA300AF5A6E /* mishanga.pro */,
				5D3CC7312E5CABA500AF5A6E /* mishanga.proTests */,
				5D3CC73B2E5CABA500AF5A6E /* mishanga.proUITests */,
			);
		};
/* End PBXProject section */

/* Begin PBXResourcesBuildPhase section */
		5D3CC7232E5CABA300AF5A6E /* Resources */ = {
			isa = PBXResourcesBuildPhase;
			buildActionMask = 2147483647;
			files = (
			);
			runOnlyForDeploymentPostprocessing = 0;
		};
		5D3CC7302E5CABA500AF5A6E /* Resources */ = {
			isa = PBXResourcesBuildPhase;
			buildActionMask = 2147483647;
			files = (
			);
			runOnlyForDeploymentPostprocessing = 0;
		};
		5D3CC73A2E5CABA500AF5A6E /* Resources */ = {
			isa = PBXResourcesBuildPhase;
			buildActionMask = 2147483647;
			files = (
			);
			runOnlyForDeploymentPostprocessing = 0;
		};
/* End PBXResourcesBuildPhase section */

/* Begin PBXSourcesBuildPhase section */
		5D3CC7212E5CABA300AF5A6E /* Sources */ = {
			isa = PBXSourcesBuildPhase;
			buildActionMask = 2147483647;
			files = (
			);
			runOnlyForDeploymentPostprocessing = 0;
		};
		5D3CC72E2E5CABA500AF5A6E /* Sources */ = {
			isa = PBXSourcesBuildPhase;
			buildActionMask = 2147483647;
			files = (
			);
			runOnlyForDeploymentPostprocessing = 0;
		};
		5D3CC7382E5CABA500AF5A6E /* Sources */ = {
			isa = PBXSourcesBuildPhase;
			buildActionMask = 2147483647;
			files = (
			);
			runOnlyForDeploymentPostprocessing = 0;
		};
/* End PBXSourcesBuildPhase section */

/* Begin PBXTargetDependency section */
		5D3CC7342E5CABA500AF5A6E /* PBXTargetDependency */ = {
			isa = PBXTargetDependency;
			target = 5D3CC7242E5CABA300AF5A6E /* mishanga.pro */;
			targetProxy = 5D3CC7332E5CABA500AF5A6E /* PBXContainerItemProxy */;
		};
		5D3CC73E2E5CABA500AF5A6E /* PBXTargetDependency */ = {
			isa = PBXTargetDependency;
			target = 5D3CC7242E5CABA300AF5A6E /* mishanga.pro */;
			targetProxy = 5D3CC73D2E5CABA500AF5A6E /* PBXContainerItemProxy */;
		};
/* End PBXTargetDependency section */

/* Begin XCBuildConfiguration section */
		5D3CC7442E5CABA500AF5A6E /* Debug */ = {
			isa = XCBuildConfiguration;
			buildSettings = {
				ALWAYS_SEARCH_USER_PATHS = NO;
				ASSETCATALOG_COMPILER_GENERATE_SWIFT_ASSET_SYMBOL_EXTENSIONS = YES;
				CLANG_ANALYZER_NONNULL = YES;
				CLANG_ANALYZER_NUMBER_OBJECT_CONVERSION = YES_AGGRESSIVE;
				CLANG_CXX_LANGUAGE_STANDARD = "gnu++20";
				CLANG_ENABLE_MODULES = YES;
				CLANG_ENABLE_OBJC_ARC = YES;
				CLANG_ENABLE_OBJC_WEAK = YES;
				CLANG_WARN_BLOCK_CAPTURE_AUTORELEASING = YES;
				CLANG_WARN_BOOL_CONVERSION = YES;
				CLANG_WARN_COMMA = YES;
				CLANG_WARN_CONSTANT_CONVERSION = YES;
				CLANG_WARN_DEPRECATED_OBJC_IMPLEMENTATIONS = YES;
				CLANG_WARN_DIRECT_OBJC_ISA_USAGE = YES_ERROR;
				CLANG_WARN_DOCUMENTATION_COMMENTS = YES;
				CLANG_WARN_EMPTY_BODY = YES;
				CLANG_WARN_ENUM_CONVERSION = YES;
				CLANG_WARN_INFINITE_RECURSION = YES;
				CLANG_WARN_INT_CONVERSION = YES;
				CLANG_WARN_NON_LITERAL_NULL_CONVERSION = YES;
				CLANG_WARN_OBJC_IMPLICIT_RETAIN_SELF = YES;
				CLANG_WARN_OBJC_LITERAL_CONVERSION = YES;
				CLANG_WARN_OBJC_ROOT_CLASS = YES_ERROR;
				CLANG_WARN_QUOTED_INCLUDE_IN_FRAMEWORK_HEADER = YES;
				CLANG_WARN_RANGE_LOOP_ANALYSIS = YES;
				CLANG_WARN_STRICT_PROTOTYPES = YES;
				CLANG_WARN_SUSPICIOUS_MOVE = YES;
				CLANG_WARN_UNGUARDED_AVAILABILITY = YES_AGGRESSIVE;
				CLANG_WARN_UNREACHABLE_CODE = YES;
				CLANG_WARN__DUPLICATE_METHOD_MATCH = YES;
				COPY_PHASE_STRIP = NO;
				DEBUG_INFORMATION_FORMAT = dwarf;
				DEVELOPMENT_TEAM = K7DPZXNM63;
				ENABLE_STRICT_OBJC_MSGSEND = YES;
				ENABLE_TESTABILITY = YES;
				ENABLE_USER_SCRIPT_SANDBOXING = YES;
				GCC_C_LANGUAGE_STANDARD = gnu17;
				GCC_DYNAMIC_NO_PIC = NO;
				GCC_NO_COMMON_BLOCKS = YES;
				GCC_OPTIMIZATION_LEVEL = 0;
				GCC_PREPROCESSOR_DEFINITIONS = (
					"DEBUG=1",
					"$(inherited)",
				);
				GCC_WARN_64_TO_32_BIT_CONVERSION = YES;
				GCC_WARN_ABOUT_RETURN_TYPE = YES_ERROR;
				GCC_WARN_UNDECLARED_SELECTOR = YES;
				GCC_WARN_UNINITIALIZED_AUTOS = YES_AGGRESSIVE;
				GCC_WARN_UNUSED_FUNCTION = YES;
				GCC_WARN_UNUSED_VARIABLE = YES;
				IPHONEOS_DEPLOYMENT_TARGET = 18.5;
				LOCALIZATION_PREFERS_STRING_CATALOGS = YES;
				MTL_ENABLE_DEBUG_INFO = INCLUDE_SOURCE;
				MTL_FAST_MATH = YES;
				ONLY_ACTIVE_ARCH = YES;
				SDKROOT = iphoneos;
				SWIFT_ACTIVE_COMPILATION_CONDITIONS = "DEBUG $(inherited)";
				SWIFT_OPTIMIZATION_LEVEL = "-Onone";
			};
			name = Debug;
		};
		5D3CC7452E5CABA500AF5A6E /* Release */ = {
			isa = XCBuildConfiguration;
			buildSettings = {
				ALWAYS_SEARCH_USER_PATHS = NO;
				ASSETCATALOG_COMPILER_GENERATE_SWIFT_ASSET_SYMBOL_EXTENSIONS = YES;
				CLANG_ANALYZER_NONNULL = YES;
				CLANG_ANALYZER_NUMBER_OBJECT_CONVERSION = YES_AGGRESSIVE;
				CLANG_CXX_LANGUAGE_STANDARD = "gnu++20";
				CLANG_ENABLE_MODULES = YES;
				CLANG_ENABLE_OBJC_ARC = YES;
				CLANG_ENABLE_OBJC_WEAK = YES;
				CLANG_WARN_BLOCK_CAPTURE_AUTORELEASING = YES;
				CLANG_WARN_BOOL_CONVERSION = YES;
				CLANG_WARN_COMMA = YES;
				CLANG_WARN_CONSTANT_CONVERSION = YES;
				CLANG_WARN_DEPRECATED_OBJC_IMPLEMENTATIONS = YES;
				CLANG_WARN_DIRECT_OBJC_ISA_USAGE = YES_ERROR;
				CLANG_WARN_DOCUMENTATION_COMMENTS = YES;
				CLANG_WARN_EMPTY_BODY = YES;
				CLANG_WARN_ENUM_CONVERSION = YES;
				CLANG_WARN_INFINITE_RECURSION = YES;
				CLANG_WARN_INT_CONVERSION = YES;
				CLANG_WARN_NON_LITERAL_NULL_CONVERSION = YES;
				CLANG_WARN_OBJC_IMPLICIT_RETAIN_SELF = YES;
				CLANG_WARN_OBJC_LITERAL_CONVERSION = YES;
				CLANG_WARN_OBJC_ROOT_CLASS = YES_ERROR;
				CLANG_WARN_QUOTED_INCLUDE_IN_FRAMEWORK_HEADER = YES;
				CLANG_WARN_RANGE_LOOP_ANALYSIS = YES;
				CLANG_WARN_STRICT_PROTOTYPES = YES;
				CLANG_WARN_SUSPICIOUS_MOVE = YES;
				CLANG_WARN_UNGUARDED_AVAILABILITY = YES_AGGRESSIVE;
				CLANG_WARN_UNREACHABLE_CODE = YES;
				CLANG_WARN__DUPLICATE_METHOD_MATCH = YES;
				COPY_PHASE_STRIP = NO;
				DEBUG_INFORMATION_FORMAT = "dwarf-with-dsym";
				DEVELOPMENT_TEAM = K7DPZXNM63;
				ENABLE_NS_ASSERTIONS = NO;
				ENABLE_STRICT_OBJC_MSGSEND = YES;
				ENABLE_USER_SCRIPT_SANDBOXING = YES;
				GCC_C_LANGUAGE_STANDARD = gnu17;
				GCC_NO_COMMON_BLOCKS = YES;
				GCC_WARN_64_TO_32_BIT_CONVERSION = YES;
				GCC_WARN_ABOUT_RETURN_TYPE = YES_ERROR;
				GCC_WARN_UNDECLARED_SELECTOR = YES;
				GCC_WARN_UNINITIALIZED_AUTOS = YES_AGGRESSIVE;
				GCC_WARN_UNUSED_FUNCTION = YES;
				GCC_WARN_UNUSED_VARIABLE = YES;
				IPHONEOS_DEPLOYMENT_TARGET = 18.5;
				LOCALIZATION_PREFERS_STRING_CATALOGS = YES;
				MTL_ENABLE_DEBUG_INFO = NO;
				MTL_FAST_MATH = YES;
				SDKROOT = iphoneos;
				SWIFT_COMPILATION_MODE = wholemodule;
				VALIDATE_PRODUCT = YES;
			};
			name = Release;
		};
		5D3CC7472E5CABA500AF5A6E /* Debug */ = {
			isa = XCBuildConfiguration;
			buildSettings = {
				ASSETCATALOG_COMPILER_APPICON_NAME = AppIcon;
				ASSETCATALOG_COMPILER_GLOBAL_ACCENT_COLOR_NAME = AccentColor;
				CODE_SIGN_STYLE = Automatic;
				CURRENT_PROJECT_VERSION = 1;
				DEVELOPMENT_TEAM = K7DPZXNM63;
				ENABLE_PREVIEWS = YES;
				GENERATE_INFOPLIST_FILE = YES;
				INFOPLIST_KEY_UIApplicationSceneManifest_Generation = YES;
				INFOPLIST_KEY_UIApplicationSupportsIndirectInputEvents = YES;
				INFOPLIST_KEY_UILaunchScreen_Generation = YES;
				INFOPLIST_KEY_UISupportedInterfaceOrientations_iPad = "UIInterfaceOrientationPortrait UIInterfaceOrientationPortraitUpsideDown UIInterfaceOrientationLandscapeLeft UIInterfaceOrientationLandscapeRight";
				INFOPLIST_KEY_UISupportedInterfaceOrientations_iPhone = "UIInterfaceOrientationPortrait UIInterfaceOrientationLandscapeLeft UIInterfaceOrientationLandscapeRight";
				LD_RUNPATH_SEARCH_PATHS = (
					"$(inherited)",
					"@executable_path/Frameworks",
				);
				MARKETING_VERSION = 1.0;
				PRODUCT_BUNDLE_IDENTIFIER = "mishanga.mishanga-pro";
				PRODUCT_NAME = "$(TARGET_NAME)";
				SWIFT_EMIT_LOC_STRINGS = YES;
				SWIFT_VERSION = 5.0;
				TARGETED_DEVICE_FAMILY = "1,2";
			};
			name = Debug;
		};
		5D3CC7482E5CABA500AF5A6E /* Release */ = {
			isa = XCBuildConfiguration;
			buildSettings = {
				ASSETCATALOG_COMPILER_APPICON_NAME = AppIcon;
				ASSETCATALOG_COMPILER_GLOBAL_ACCENT_COLOR_NAME = AccentColor;
				CODE_SIGN_STYLE = Automatic;
				CURRENT_PROJECT_VERSION = 1;
				DEVELOPMENT_TEAM = K7DPZXNM63;
				ENABLE_PREVIEWS = YES;
				GENERATE_INFOPLIST_FILE = YES;
				INFOPLIST_KEY_UIApplicationSceneManifest_Generation = YES;
				INFOPLIST_KEY_UIApplicationSupportsIndirectInputEvents = YES;
				INFOPLIST_KEY_UILaunchScreen_Generation = YES;
				INFOPLIST_KEY_UISupportedInterfaceOrientations_iPad = "UIInterfaceOrientationPortrait UIInterfaceOrientationPortraitUpsideDown UIInterfaceOrientationLandscapeLeft UIInterfaceOrientationLandscapeRight";
				INFOPLIST_KEY_UISupportedInterfaceOrientations_iPhone = "UIInterfaceOrientationPortrait UIInterfaceOrientationLandscapeLeft UIInterfaceOrientationLandscapeRight";
				LD_RUNPATH_SEARCH_PATHS = (
					"$(inherited)",
					"@executable_path/Frameworks",
				);
				MARKETING_VERSION = 1.0;
				PRODUCT_BUNDLE_IDENTIFIER = "mishanga.mishanga-pro";
				PRODUCT_NAME = "$(TARGET_NAME)";
				SWIFT_EMIT_LOC_STRINGS = YES;
				SWIFT_VERSION = 5.0;
				TARGETED_DEVICE_FAMILY = "1,2";
			};
			name = Release;
		};
		5D3CC74A2E5CABA500AF5A6E /* Debug */ = {
			isa = XCBuildConfiguration;
			buildSettings = {
				BUNDLE_LOADER = "$(TEST_HOST)";
				CODE_SIGN_STYLE = Automatic;
				CURRENT_PROJECT_VERSION = 1;
				DEVELOPMENT_TEAM = K7DPZXNM63;
				GENERATE_INFOPLIST_FILE = YES;
				IPHONEOS_DEPLOYMENT_TARGET = 18.5;
				MARKETING_VERSION = 1.0;
				PRODUCT_BUNDLE_IDENTIFIER = "mishanga.mishanga-proTests";
				PRODUCT_NAME = "$(TARGET_NAME)";
				SWIFT_EMIT_LOC_STRINGS = NO;
				SWIFT_VERSION = 5.0;
				TARGETED_DEVICE_FAMILY = "1,2";
				TEST_HOST = "$(BUILT_PRODUCTS_DIR)/mishanga.pro.app/$(BUNDLE_EXECUTABLE_FOLDER_PATH)/mishanga.pro";
			};
			name = Debug;
		};
		5D3CC74B2E5CABA500AF5A6E /* Release */ = {
			isa = XCBuildConfiguration;
			buildSettings = {
				BUNDLE_LOADER = "$(TEST_HOST)";
				CODE_SIGN_STYLE = Automatic;
				CURRENT_PROJECT_VERSION = 1;
				DEVELOPMENT_TEAM = K7DPZXNM63;
				GENERATE_INFOPLIST_FILE = YES;
				IPHONEOS_DEPLOYMENT_TARGET = 18.5;
				MARKETING_VERSION = 1.0;
				PRODUCT_BUNDLE_IDENTIFIER = "mishanga.mishanga-proTests";
				PRODUCT_NAME = "$(TARGET_NAME)";
				SWIFT_EMIT_LOC_STRINGS = NO;
				SWIFT_VERSION = 5.0;
				TARGETED_DEVICE_FAMILY = "1,2";
				TEST_HOST = "$(BUILT_PRODUCTS_DIR)/mishanga.pro.app/$(BUNDLE_EXECUTABLE_FOLDER_PATH)/mishanga.pro";
			};
			name = Release;
		};
		5D3CC74D2E5CABA500AF5A6E /* Debug */ = {
			isa = XCBuildConfiguration;
			buildSettings = {
				CODE_SIGN_STYLE = Automatic;
				CURRENT_PROJECT_VERSION = 1;
				DEVELOPMENT_TEAM = K7DPZXNM63;
				GENERATE_INFOPLIST_FILE = YES;
				MARKETING_VERSION = 1.0;
				PRODUCT_BUNDLE_IDENTIFIER = "mishanga.mishanga-proUITests";
				PRODUCT_NAME = "$(TARGET_NAME)";
				SWIFT_EMIT_LOC_STRINGS = NO;
				SWIFT_VERSION = 5.0;
				TARGETED_DEVICE_FAMILY = "1,2";
				TEST_TARGET_NAME = mishanga.pro;
			};
			name = Debug;
		};
		5D3CC74E2E5CABA500AF5A6E /* Release */ = {
			isa = XCBuildConfiguration;
			buildSettings = {
				CODE_SIGN_STYLE = Automatic;
				CURRENT_PROJECT_VERSION = 1;
				DEVELOPMENT_TEAM = K7DPZXNM63;
				GENERATE_INFOPLIST_FILE = YES;
				MARKETING_VERSION = 1.0;
				PRODUCT_BUNDLE_IDENTIFIER = "mishanga.mishanga-proUITests";
				PRODUCT_NAME = "$(TARGET_NAME)";
				SWIFT_EMIT_LOC_STRINGS = NO;
				SWIFT_VERSION = 5.0;
				TARGETED_DEVICE_FAMILY = "1,2";
				TEST_TARGET_NAME = mishanga.pro;
			};
			name = Release;
		};
/* End XCBuildConfiguration section */

/* Begin XCConfigurationList section */
		5D3CC7202E5CABA300AF5A6E /* Build configuration list for PBXProject "mishanga.pro" */ = {
			isa = XCConfigurationList;
			buildConfigurations = (
				5D3CC7442E5CABA500AF5A6E /* Debug */,
				5D3CC7452E5CABA500AF5A6E /* Release */,
			);
			defaultConfigurationIsVisible = 0;
			defaultConfigurationName = Release;
		};
		5D3CC7462E5CABA500AF5A6E /* Build configuration list for PBXNativeTarget "mishanga.pro" */ = {
			isa = XCConfigurationList;
			buildConfigurations = (
				5D3CC7472E5CABA500AF5A6E /* Debug */,
				5D3CC7482E5CABA500AF5A6E /* Release */,
			);
			defaultConfigurationIsVisible = 0;
			defaultConfigurationName = Release;
		};
		5D3CC7492E5CABA500AF5A6E /* Build configuration list for PBXNativeTarget "mishanga.proTests" */ = {
			isa = XCConfigurationList;
			buildConfigurations = (
				5D3CC74A2E5CABA500AF5A6E /* Debug */,
				5D3CC74B2E5CABA500AF5A6E /* Release */,
			);
			defaultConfigurationIsVisible = 0;
			defaultConfigurationName = Release;
		};
		5D3CC74C2E5CABA500AF5A6E /* Build configuration list for PBXNativeTarget "mishanga.proUITests" */ = {
			isa = XCConfigurationList;
			buildConfigurations = (
				5D3CC74D2E5CABA500AF5A6E /* Debug */,
				5D3CC74E2E5CABA500AF5A6E /* Release */,
			);
			defaultConfigurationIsVisible = 0;
			defaultConfigurationName = Release;
		};
/* End XCConfigurationList section */
	};
	rootObject = 5D3CC71D2E5CABA300AF5A6E /* Project object */;
}
